
Microsoft Visual Studio Solution File, Format Version 12.00
# Visual Studio Version 17
VisualStudioVersion = 17.1.32210.238
MinimumVisualStudioVersion = 10.0.40219.1
Project("{FAE04EC0-301F-11D3-BF4B-00C04F79EFBC}") = "Course", "Course\Course.csproj", "{D64D33C8-0C8F-4741-8F24-76C9EF264600}"
EndProject
Global
	GlobalSection(SolutionConfigurationPlatforms) = preSolution
		Debug|Any CPU = Debug|Any CPU
		Release|Any CPU = Release|Any CPU
	EndGlobalSection
	GlobalSection(ProjectConfigurationPlatforms) = postSolution
		{D64D33C8-0C8F-4741-8F24-76C9EF264600}.Debug|Any CPU.ActiveCfg = Debug|Any CPU
		{D64D33C8-0C8F-4741-8F24-76C9EF264600}.Debug|Any CPU.Build.0 = Debug|Any CPU
		{D64D33C8-0C8F-4741-8F24-76C9EF264600}.Release|Any CPU.ActiveCfg = Release|Any CPU
		{D64D33C8-0C8F-4741-8F24-76C9EF264600}.Release|Any CPU.Build.0 = Release|Any CPU
	EndGlobalSection
	GlobalSection(SolutionProperties) = preSolution
		HideSolutionNode = FALSE
	EndGlobalSection
	GlobalSection(ExtensibilityGlobals) = postSolution
		SolutionGuid = {DD485C69-ED55-461D-A261-11B4261B3757}
	EndGlobalSection
EndGlobal
